{
    "_readme": [
        "This file locks the dependencies of your project to a known state",
        "Read more about it at https://getcomposer.org/doc/01-basic-usage.md#composer-lock-the-lock-file",
        "This file is @generated automatically"
    ],
    "hash": "c372e3bfb8169e5be6fd99e2ac2dc837",
    "content-hash": "f30f6e18e1180939577f044ec285d8b3",
    "packages": [
        {
            "name": "codeigniter/framework",
            "version": "3.0.4",
            "source": {
                "type": "git",
                "url": "https://github.com/bcit-ci/CodeIgniter.git",
                "reference": "ac067858c21250dd8c60cdc1f9bc12ba2ff82755"
            },
            "dist": {
                "type": "zip",
                "url": "https://api.github.com/repos/bcit-ci/CodeIgniter/zipball/ac067858c21250dd8c60cdc1f9bc12ba2ff82755",
                "reference": "ac067858c21250dd8c60cdc1f9bc12ba2ff82755",
                "shasum": ""
            },
            "require": {
                "php": ">=5.2.4"
            },
            "require-dev": {
                "mikey179/vfsstream": "1.1.*"
            },
            "type": "project",
            "notification-url": "https://packagist.org/downloads/",
            "license": [
                "MIT"
            ],
            "description": "The CodeIgniter framework",
            "homepage": "https://codeigniter.com",
            "time": "2016-01-13 00:09:27"
        },
        {
            "name": "fzaninotto/faker",
            "version": "v1.5.0",
            "source": {
                "type": "git",
                "url": "https://github.com/fzaninotto/Faker.git",
                "reference": "d0190b156bcca848d401fb80f31f504f37141c8d"
            },
            "dist": {
                "type": "zip",
                "url": "https://api.github.com/repos/fzaninotto/Faker/zipball/d0190b156bcca848d401fb80f31f504f37141c8d",
                "reference": "d0190b156bcca848d401fb80f31f504f37141c8d",
                "shasum": ""
            },
            "require": {
                "php": ">=5.3.3"
            },
            "require-dev": {
                "phpunit/phpunit": "~4.0",
                "squizlabs/php_codesniffer": "~1.5"
            },
            "suggest": {
                "ext-intl": "*"
            },
            "type": "library",
            "extra": {
                "branch-alias": {
                    "dev-master": "1.5.x-dev"
                }
            },
            "autoload": {
                "psr-4": {
                    "Faker\\": "src/Faker/"
                }
            },
            "notification-url": "https://packagist.org/downloads/",
            "license": [
                "MIT"
            ],
            "authors": [
                {
                    "name": "François Zaninotto"
                }
            ],
            "description": "Faker is a PHP library that generates fake data for you.",
            "keywords": [
                "data",
                "faker",
                "fixtures"
            ],
            "time": "2015-05-29 06:29:14"
        },
        {
            "name": "twig/twig",
            "version": "v1.24.0",
            "source": {
                "type": "git",
                "url": "https://github.com/twigphp/Twig.git",
                "reference": "3e5aa30ebfbafd5951fb1b01e338e1800ce7e0e8"
            },
            "dist": {
                "type": "zip",
                "url": "https://api.github.com/repos/twigphp/Twig/zipball/3e5aa30ebfbafd5951fb1b01e338e1800ce7e0e8",
                "reference": "3e5aa30ebfbafd5951fb1b01e338e1800ce7e0e8",
                "shasum": ""
            },
            "require": {
                "php": ">=5.2.7"
            },
            "require-dev": {
                "symfony/debug": "~2.7",
                "symfony/phpunit-bridge": "~2.7"
            },
            "type": "library",
            "extra": {
                "branch-alias": {
                    "dev-master": "1.24-dev"
                }
            },
            "autoload": {
                "psr-0": {
                    "Twig_": "lib/"
                }
            },
            "notification-url": "https://packagist.org/downloads/",
            "license": [
                "BSD-3-Clause"
            ],
            "authors": [
                {
                    "name": "Fabien Potencier",
                    "email": "fabien@symfony.com",
                    "homepage": "http://fabien.potencier.org",
                    "role": "Lead Developer"
                },
                {
                    "name": "Armin Ronacher",
                    "email": "armin.ronacher@active-4.com",
                    "role": "Project Founder"
                },
                {
                    "name": "Twig Team",
                    "homepage": "http://twig.sensiolabs.org/contributors",
                    "role": "Contributors"
                }
            ],
            "description": "Twig, the flexible, fast, and secure template language for PHP",
            "homepage": "http://twig.sensiolabs.org",
            "keywords": [
                "templating"
            ],
            "time": "2016-01-25 21:22:18"
        }
    ],
    "packages-dev": [],
    "aliases": [],
    "minimum-stability": "stable",
    "stability-flags": [],
    "prefer-stable": false,
    "prefer-lowest": false,
    "platform": {
        "php": ">=5.2.4"
    },
    "platform-dev": []
}
